
Microsoft Visual Studio Solution File, Format Version 12.00
# Visual Studio Version 17
VisualStudioVersion = 17.6.33801.468
MinimumVisualStudioVersion = 10.0.40219.1
Project("{2150E333-8FDC-42A3-9474-1A3956D46DE8}") = "B.Dominio", "B.Dominio", "{311F254E-20A3-4058-AED6-672302959344}"
EndProject
Project("{9A19103F-16F7-4668-BE54-9A1E7A4F7556}") = "Modelo", "B.Dominio\Modelo\Modelo.csproj", "{732B6F23-BD03-450A-91D9-E9ABB86B3862}"
EndProject
Project("{9A19103F-16F7-4668-BE54-9A1E7A4F7556}") = "Utilidades", "B.Dominio\Utilidades\Utilidades.csproj", "{127ED414-F67F-4EA0-BE05-156BD75D3558}"
EndProject
Project("{9A19103F-16F7-4668-BE54-9A1E7A4F7556}") = "HostService", "B.Dominio\HostService\HostService.csproj", "{E828918E-8F9B-4D0E-B9A0-8F59EB1D3DCE}"
EndProject
Project("{9A19103F-16F7-4668-BE54-9A1E7A4F7556}") = "BsOperaciones.Application", "B.Dominio\BsOperaciones.Application\BsOperaciones.Application.csproj", "{0C646442-F9CA-4D38-8437-F674248183C9}"
EndProject
Project("{9A19103F-16F7-4668-BE54-9A1E7A4F7556}") = "Reportes", "B.Dominio\Reportes\Reportes.csproj", "{CA725AFE-75CE-48F5-908E-A2178A33EF83}"
EndProject
Project("{2150E333-8FDC-42A3-9474-1A3956D46DE8}") = "C.Presentación", "C.Presentación", "{B3E6557F-6311-917D-3828-765AC2BC3BD3}"
EndProject
Project("{FAE04EC0-301F-11D3-BF4B-00C04F79EFBC}") = "BsOperaciones.Wasm", "C.Presentación\BsOperaciones.Wasm\BsOperaciones.Wasm.csproj", "{94CF831F-D37C-43E1-8C47-8AB373DE6E71}"
EndProject
Global
	GlobalSection(SolutionConfigurationPlatforms) = preSolution
		Debug|Any CPU = Debug|Any CPU
		Debug|x64 = Debug|x64
		Debug|x86 = Debug|x86
		Release|Any CPU = Release|Any CPU
		Release|x64 = Release|x64
		Release|x86 = Release|x86
	EndGlobalSection
	GlobalSection(ProjectConfigurationPlatforms) = postSolution
		{732B6F23-BD03-450A-91D9-E9ABB86B3862}.Debug|Any CPU.ActiveCfg = Debug|Any CPU
		{732B6F23-BD03-450A-91D9-E9ABB86B3862}.Debug|Any CPU.Build.0 = Debug|Any CPU
		{732B6F23-BD03-450A-91D9-E9ABB86B3862}.Debug|x64.ActiveCfg = Debug|Any CPU
		{732B6F23-BD03-450A-91D9-E9ABB86B3862}.Debug|x64.Build.0 = Debug|Any CPU
		{732B6F23-BD03-450A-91D9-E9ABB86B3862}.Debug|x86.ActiveCfg = Debug|Any CPU
		{732B6F23-BD03-450A-91D9-E9ABB86B3862}.Debug|x86.Build.0 = Debug|Any CPU
		{732B6F23-BD03-450A-91D9-E9ABB86B3862}.Release|Any CPU.ActiveCfg = Release|Any CPU
		{732B6F23-BD03-450A-91D9-E9ABB86B3862}.Release|Any CPU.Build.0 = Release|Any CPU
		{732B6F23-BD03-450A-91D9-E9ABB86B3862}.Release|x64.ActiveCfg = Release|Any CPU
		{732B6F23-BD03-450A-91D9-E9ABB86B3862}.Release|x64.Build.0 = Release|Any CPU
		{732B6F23-BD03-450A-91D9-E9ABB86B3862}.Release|x86.ActiveCfg = Release|Any CPU
		{732B6F23-BD03-450A-91D9-E9ABB86B3862}.Release|x86.Build.0 = Release|Any CPU
		{127ED414-F67F-4EA0-BE05-156BD75D3558}.Debug|Any CPU.ActiveCfg = Debug|Any CPU
		{127ED414-F67F-4EA0-BE05-156BD75D3558}.Debug|Any CPU.Build.0 = Debug|Any CPU
		{127ED414-F67F-4EA0-BE05-156BD75D3558}.Debug|x64.ActiveCfg = Debug|Any CPU
		{127ED414-F67F-4EA0-BE05-156BD75D3558}.Debug|x64.Build.0 = Debug|Any CPU
		{127ED414-F67F-4EA0-BE05-156BD75D3558}.Debug|x86.ActiveCfg = Debug|Any CPU
		{127ED414-F67F-4EA0-BE05-156BD75D3558}.Debug|x86.Build.0 = Debug|Any CPU
		{127ED414-F67F-4EA0-BE05-156BD75D3558}.Release|Any CPU.ActiveCfg = Release|Any CPU
		{127ED414-F67F-4EA0-BE05-156BD75D3558}.Release|Any CPU.Build.0 = Release|Any CPU
		{127ED414-F67F-4EA0-BE05-156BD75D3558}.Release|x64.ActiveCfg = Release|Any CPU
		{127ED414-F67F-4EA0-BE05-156BD75D3558}.Release|x64.Build.0 = Release|Any CPU
		{127ED414-F67F-4EA0-BE05-156BD75D3558}.Release|x86.ActiveCfg = Release|Any CPU
		{127ED414-F67F-4EA0-BE05-156BD75D3558}.Release|x86.Build.0 = Release|Any CPU
		{E828918E-8F9B-4D0E-B9A0-8F59EB1D3DCE}.Debug|Any CPU.ActiveCfg = Debug|Any CPU
		{E828918E-8F9B-4D0E-B9A0-8F59EB1D3DCE}.Debug|Any CPU.Build.0 = Debug|Any CPU
		{E828918E-8F9B-4D0E-B9A0-8F59EB1D3DCE}.Debug|x64.ActiveCfg = Debug|Any CPU
		{E828918E-8F9B-4D0E-B9A0-8F59EB1D3DCE}.Debug|x64.Build.0 = Debug|Any CPU
		{E828918E-8F9B-4D0E-B9A0-8F59EB1D3DCE}.Debug|x86.ActiveCfg = Debug|Any CPU
		{E828918E-8F9B-4D0E-B9A0-8F59EB1D3DCE}.Debug|x86.Build.0 = Debug|Any CPU
		{E828918E-8F9B-4D0E-B9A0-8F59EB1D3DCE}.Release|Any CPU.ActiveCfg = Release|Any CPU
		{E828918E-8F9B-4D0E-B9A0-8F59EB1D3DCE}.Release|Any CPU.Build.0 = Release|Any CPU
		{E828918E-8F9B-4D0E-B9A0-8F59EB1D3DCE}.Release|x64.ActiveCfg = Release|Any CPU
		{E828918E-8F9B-4D0E-B9A0-8F59EB1D3DCE}.Release|x64.Build.0 = Release|Any CPU
		{E828918E-8F9B-4D0E-B9A0-8F59EB1D3DCE}.Release|x86.ActiveCfg = Release|Any CPU
		{E828918E-8F9B-4D0E-B9A0-8F59EB1D3DCE}.Release|x86.Build.0 = Release|Any CPU
		{0C646442-F9CA-4D38-8437-F674248183C9}.Debug|Any CPU.ActiveCfg = Debug|Any CPU
		{0C646442-F9CA-4D38-8437-F674248183C9}.Debug|Any CPU.Build.0 = Debug|Any CPU
		{0C646442-F9CA-4D38-8437-F674248183C9}.Debug|x64.ActiveCfg = Debug|Any CPU
		{0C646442-F9CA-4D38-8437-F674248183C9}.Debug|x64.Build.0 = Debug|Any CPU
		{0C646442-F9CA-4D38-8437-F674248183C9}.Debug|x86.ActiveCfg = Debug|Any CPU
		{0C646442-F9CA-4D38-8437-F674248183C9}.Debug|x86.Build.0 = Debug|Any CPU
		{0C646442-F9CA-4D38-8437-F674248183C9}.Release|Any CPU.ActiveCfg = Release|Any CPU
		{0C646442-F9CA-4D38-8437-F674248183C9}.Release|Any CPU.Build.0 = Release|Any CPU
		{0C646442-F9CA-4D38-8437-F674248183C9}.Release|x64.ActiveCfg = Release|Any CPU
		{0C646442-F9CA-4D38-8437-F674248183C9}.Release|x64.Build.0 = Release|Any CPU
		{0C646442-F9CA-4D38-8437-F674248183C9}.Release|x86.ActiveCfg = Release|Any CPU
		{0C646442-F9CA-4D38-8437-F674248183C9}.Release|x86.Build.0 = Release|Any CPU
		{CA725AFE-75CE-48F5-908E-A2178A33EF83}.Debug|Any CPU.ActiveCfg = Debug|Any CPU
		{CA725AFE-75CE-48F5-908E-A2178A33EF83}.Debug|Any CPU.Build.0 = Debug|Any CPU
		{CA725AFE-75CE-48F5-908E-A2178A33EF83}.Debug|x64.ActiveCfg = Debug|Any CPU
		{CA725AFE-75CE-48F5-908E-A2178A33EF83}.Debug|x64.Build.0 = Debug|Any CPU
		{CA725AFE-75CE-48F5-908E-A2178A33EF83}.Debug|x86.ActiveCfg = Debug|Any CPU
		{CA725AFE-75CE-48F5-908E-A2178A33EF83}.Debug|x86.Build.0 = Debug|Any CPU
		{CA725AFE-75CE-48F5-908E-A2178A33EF83}.Release|Any CPU.ActiveCfg = Release|Any CPU
		{CA725AFE-75CE-48F5-908E-A2178A33EF83}.Release|Any CPU.Build.0 = Release|Any CPU
		{CA725AFE-75CE-48F5-908E-A2178A33EF83}.Release|x64.ActiveCfg = Release|Any CPU
		{CA725AFE-75CE-48F5-908E-A2178A33EF83}.Release|x64.Build.0 = Release|Any CPU
		{CA725AFE-75CE-48F5-908E-A2178A33EF83}.Release|x86.ActiveCfg = Release|Any CPU
		{CA725AFE-75CE-48F5-908E-A2178A33EF83}.Release|x86.Build.0 = Release|Any CPU
		{94CF831F-D37C-43E1-8C47-8AB373DE6E71}.Debug|Any CPU.ActiveCfg = Debug|Any CPU
		{94CF831F-D37C-43E1-8C47-8AB373DE6E71}.Debug|Any CPU.Build.0 = Debug|Any CPU
		{94CF831F-D37C-43E1-8C47-8AB373DE6E71}.Debug|x64.ActiveCfg = Debug|Any CPU
		{94CF831F-D37C-43E1-8C47-8AB373DE6E71}.Debug|x64.Build.0 = Debug|Any CPU
		{94CF831F-D37C-43E1-8C47-8AB373DE6E71}.Debug|x86.ActiveCfg = Debug|Any CPU
		{94CF831F-D37C-43E1-8C47-8AB373DE6E71}.Debug|x86.Build.0 = Debug|Any CPU
		{94CF831F-D37C-43E1-8C47-8AB373DE6E71}.Release|Any CPU.ActiveCfg = Release|Any CPU
		{94CF831F-D37C-43E1-8C47-8AB373DE6E71}.Release|Any CPU.Build.0 = Release|Any CPU
		{94CF831F-D37C-43E1-8C47-8AB373DE6E71}.Release|x64.ActiveCfg = Release|Any CPU
		{94CF831F-D37C-43E1-8C47-8AB373DE6E71}.Release|x64.Build.0 = Release|Any CPU
		{94CF831F-D37C-43E1-8C47-8AB373DE6E71}.Release|x86.ActiveCfg = Release|Any CPU
		{94CF831F-D37C-43E1-8C47-8AB373DE6E71}.Release|x86.Build.0 = Release|Any CPU
	EndGlobalSection
	GlobalSection(SolutionProperties) = preSolution
		HideSolutionNode = FALSE
	EndGlobalSection
	GlobalSection(NestedProjects) = preSolution
		{732B6F23-BD03-450A-91D9-E9ABB86B3862} = {311F254E-20A3-4058-AED6-672302959344}
		{127ED414-F67F-4EA0-BE05-156BD75D3558} = {311F254E-20A3-4058-AED6-672302959344}
		{E828918E-8F9B-4D0E-B9A0-8F59EB1D3DCE} = {311F254E-20A3-4058-AED6-672302959344}
		{0C646442-F9CA-4D38-8437-F674248183C9} = {311F254E-20A3-4058-AED6-672302959344}
		{CA725AFE-75CE-48F5-908E-A2178A33EF83} = {311F254E-20A3-4058-AED6-672302959344}
		{94CF831F-D37C-43E1-8C47-8AB373DE6E71} = {B3E6557F-6311-917D-3828-765AC2BC3BD3}
	EndGlobalSection
	GlobalSection(ExtensibilityGlobals) = postSolution
		SolutionGuid = {6A21D907-25AA-46D2-BEC7-7D8EEC67F81C}
	EndGlobalSection
EndGlobal
